# Generated by buf. DO NOT EDIT.
version: v2
deps:
  - name: buf.build/bufbuild/protovalidate
    commit: 80ab13bee0bf4272b6161a72bf7034e0
    digest: b5:1aa6a965be5d02d64e1d81954fa2e78ef9d1e33a0c30f92bc2626039006a94deb3a5b05f14ed8893f5c3ffce444ac008f7e968188ad225c4c29c813aa5f2daa1
  - name: buf.build/googleapis/googleapis
    commit: 004180b77378443887d3b55cabc00384
    digest: b5:e8f475fe3330f31f5fd86ac689093bcd274e19611a09db91f41d637cb9197881ce89882b94d13a58738e53c91c6e4bae7dc1feba85f590164c975a89e25115dc
  - name: buf.build/srikrsna/protoc-gen-gotag
    commit: 7a85d3ad2e7642c198480e92bf730c14
    digest: b5:ddf7a4ac7e22f21751aac6e8b9a0e0ca576062e1babeaad6a31a71c410e043526a25c6ab07edf9ec1e51f6d671daa738cb3ffbe6ddcdddb5131a054061d47b89
